// !$*UTF8*$!
{
	archiveVersion = 1;
	classes = {
	};
	objectVersion = 50;
	objects = {

/* Begin PBXBuildFile section */
		24F60B4E216C99B6000644AE /* AppDelegate.swift in Sources */ = {isa = PBXBuildFile; fileRef = 24F60B4D216C99B6000644AE /* AppDelegate.swift */; };
		24F60B50216C99B6000644AE /* ViewController.swift in Sources */ = {isa = PBXBuildFile; fileRef = 24F60B4F216C99B6000644AE /* ViewController.swift */; };
		24F60B53216C99B6000644AE /* Main.storyboard in Resources */ = {isa = PBXBuildFile; fileRef = 24F60B51216C99B6000644AE /* Main.storyboard */; };
		24F60B55216C99B8000644AE /* Assets.xcassets in Resources */ = {isa = PBXBuildFile; fileRef = 24F60B54216C99B8000644AE /* Assets.xcassets */; };
		24F60B58216C99B8000644AE /* LaunchScreen.storyboard in Resources */ = {isa = PBXBuildFile; fileRef = 24F60B56216C99B8000644AE /* LaunchScreen.storyboard */; };
		24F60B62216CA044000644AE /* Shapes.swift in Sources */ = {isa = PBXBuildFile; fileRef = 24F60B61216CA044000644AE /* Shapes.swift */; };
/* End PBXBuildFile section */

/* Begin PBXFileReference section */
		24F60B4A216C99B6000644AE /* ex00.app */ = {isa = PBXFileReference; explicitFileType = wrapper.application; includeInIndex = 0; path = ex00.app; sourceTree = BUILT_PRODUCTS_DIR; };
		24F60B4D216C99B6000644AE /* AppDelegate.swift */ = {isa = PBXFileReference; lastKnownFileType = sourcecode.swift; path = AppDelegate.swift; sourceTree = "<group>"; };
		24F60B4F216C99B6000644AE /* ViewController.swift */ = {isa = PBXFileReference; lastKnownFileType = sourcecode.swift; path = ViewController.swift; sourceTree = "<group>"; };
		24F60B52216C99B6000644AE /* Base */ = {isa = PBXFileReference; lastKnownFileType = file.storyboard; name = Base; path = Base.lproj/Main.storyboard; sourceTree = "<group>"; };
		24F60B54216C99B8000644AE /* Assets.xcassets */ = {isa = PBXFileReference; lastKnownFileType = folder.assetcatalog; path = Assets.xcassets; sourceTree = "<group>"; };
		24F60B57216C99B8000644AE /* Base */ = {isa = PBXFileReference; lastKnownFileType = file.storyboard; name = Base; path = Base.lproj/LaunchScreen.storyboard; sourceTree = "<group>"; };
		24F60B59216C99B8000644AE /* Info.plist */ = {isa = PBXFileReference; lastKnownFileType = text.plist.xml; path = Info.plist; sourceTree = "<group>"; };
		24F60B61216CA044000644AE /* Shapes.swift */ = {isa = PBXFileReference; lastKnownFileType = sourcecode.swift; path = Shapes.swift; sourceTree = "<group>"; };
/* End PBXFileReference section */

/* Begin PBXFrameworksBuildPhase section */
		24F60B47216C99B6000644AE /* Frameworks */ = {
			isa = PBXFrameworksBuildPhase;
			buildActionMask = 2147483647;
			files = (
			);
			runOnlyForDeploymentPostprocessing = 0;
		};
/* End PBXFrameworksBuildPhase section */

/* Begin PBXGroup section */
		24F60B41216C99B6000644AE = {
			isa = PBXGroup;
			children = (
				24F60B4C216C99B6000644AE /* ex00 */,
				24F60B4B216C99B6000644AE /* Products */,
			);
			sourceTree = "<group>";
		};
		24F60B4B216C99B6000644AE /* Products */ = {
			isa = PBXGroup;
			children = (
				24F60B4A216C99B6000644AE /* ex00.app */,
			);
			name = Products;
			sourceTree = "<group>";
		};
		24F60B4C216C99B6000644AE /* ex00 */ = {
			isa = PBXGroup;
			children = (
				24F60B4D216C99B6000644AE /* AppDelegate.swift */,
				24F60B4F216C99B6000644AE /* ViewController.swift */,
				24F60B51216C99B6000644AE /* Main.storyboard */,
				24F60B54216C99B8000644AE /* Assets.xcassets */,
				24F60B56216C99B8000644AE /* LaunchScreen.storyboard */,
				24F60B59216C99B8000644AE /* Info.plist */,
				24F60B61216CA044000644AE /* Shapes.swift */,
			);
			path = ex00;
			sourceTree = "<group>";
		};
/* End PBXGroup section */

/* Begin PBXNativeTarget section */
		24F60B49216C99B6000644AE /* ex00 */ = {
			isa = PBXNativeTarget;
			buildConfigurationList = 24F60B5C216C99B8000644AE /* Build configuration list for PBXNativeTarget "ex00" */;
			buildPhases = (
				24F60B46216C99B6000644AE /* Sources */,
				24F60B47216C99B6000644AE /* Frameworks */,
				24F60B48216C99B6000644AE /* Resources */,
			);
			buildRules = (
			);
			dependencies = (
			);
			name = ex00;
			productName = ex00;
			productReference = 24F60B4A216C99B6000644AE /* ex00.app */;
			productType = "com.apple.product-type.application";
		};
/* End PBXNativeTarget section */

/* Begin PBXProject section */
		24F60B42216C99B6000644AE /* Project object */ = {
			isa = PBXProject;
			attributes = {
				LastSwiftUpdateCheck = 0940;
				LastUpgradeCheck = 0940;
				ORGANIZATIONNAME = "Kyle ROUTLEDGE";
				TargetAttributes = {
					24F60B49216C99B6000644AE = {
						CreatedOnToolsVersion = 9.4.1;
					};
				};
			};
			buildConfigurationList = 24F60B45216C99B6000644AE /* Build configuration list for PBXProject "ex00" */;
			compatibilityVersion = "Xcode 9.3";
			developmentRegion = en;
			hasScannedForEncodings = 0;
			knownRegions = (
				en,
				Base,
			);
			mainGroup = 24F60B41216C99B6000644AE;
			productRefGroup = 24F60B4B216C99B6000644AE /* Products */;
			projectDirPath = "";
			projectRoot = "";
			targets = (
				24F60B49216C99B6000644AE /* ex00 */,
			);
		};
/* End PBXProject section */

/* Begin PBXResourcesBuildPhase section */
		24F60B48216C99B6000644AE /* Resources */ = {
			isa = PBXResourcesBuildPhase;
			buildActionMask = 2147483647;
			files = (
				24F60B58216C99B8000644AE /* LaunchScreen.storyboard in Resources */,
				24F60B55216C99B8000644AE /* Assets.xcassets in Resources */,
				24F60B53216C99B6000644AE /* Main.storyboard in Resources */,
			);
			runOnlyForDeploymentPostprocessing = 0;
		};
/* End PBXResourcesBuildPhase section */

/* Begin PBXSourcesBuildPhase section */
		24F60B46216C99B6000644AE /* Sources */ = {
			isa = PBXSourcesBuildPhase;
			buildActionMask = 2147483647;
			files = (
				24F60B50216C99B6000644AE /* ViewController.swift in Sources */,
				24F60B4E216C99B6000644AE /* AppDelegate.swift in Sources */,
				24F60B62216CA044000644AE /* Shapes.swift in Sources */,
			);
			runOnlyForDeploymentPostprocessing = 0;
		};
/* End PBXSourcesBuildPhase section */

/* Begin PBXVariantGroup section */
		24F60B51216C99B6000644AE /* Main.storyboard */ = {
			isa = PBXVariantGroup;
			children = (
				24F60B52216C99B6000644AE /* Base */,
			);
			name = Main.storyboard;
			sourceTree = "<group>";
		};
		24F60B56216C99B8000644AE /* LaunchScreen.storyboard */ = {
			isa = PBXVariantGroup;
			children = (
				24F60B57216C99B8000644AE /* Base */,
			);
			name = LaunchScreen.storyboard;
			sourceTree = "<group>";
		};
/* End PBXVariantGroup section */

/* Begin XCBuildConfiguration section */
		24F60B5A216C99B8000644AE /* Debug */ = {
			isa = XCBuildConfiguration;
			buildSettings = {
				ALWAYS_SEARCH_USER_PATHS = NO;
				CLANG_ANALYZER_NONNULL = YES;
				CLANG_ANALYZER_NUMBER_OBJECT_CONVERSION = YES_AGGRESSIVE;
				CLANG_CXX_LANGUAGE_STANDARD = "gnu++14";
				CLANG_CXX_LIBRARY = "libc++";
				CLANG_ENABLE_MODULES = YES;
				CLANG_ENABLE_OBJC_ARC = YES;
				CLANG_ENABLE_OBJC_WEAK = YES;
				CLANG_WARN_BLOCK_CAPTURE_AUTORELEASING = YES;
				CLANG_WARN_BOOL_CONVERSION = YES;
				CLANG_WARN_COMMA = YES;
				CLANG_WARN_CONSTANT_CONVERSION = YES;
				CLANG_WARN_DEPRECATED_OBJC_IMPLEMENTATIONS = YES;
				CLANG_WARN_DIRECT_OBJC_ISA_USAGE = YES_ERROR;
				CLANG_WARN_DOCUMENTATION_COMMENTS = YES;
				CLANG_WARN_EMPTY_BODY = YES;
				CLANG_WARN_ENUM_CONVERSION = YES;
				CLANG_WARN_INFINITE_RECURSION = YES;
				CLANG_WARN_INT_CONVERSION = YES;
				CLANG_WARN_NON_LITERAL_NULL_CONVERSION = YES;
				CLANG_WARN_OBJC_IMPLICIT_RETAIN_SELF = YES;
				CLANG_WARN_OBJC_LITERAL_CONVERSION = YES;
				CLANG_WARN_OBJC_ROOT_CLASS = YES_ERROR;
				CLANG_WARN_RANGE_LOOP_ANALYSIS = YES;
				CLANG_WARN_STRICT_PROTOTYPES = YES;
				CLANG_WARN_SUSPICIOUS_MOVE = YES;
				CLANG_WARN_UNGUARDED_AVAILABILITY = YES_AGGRESSIVE;
				CLANG_WARN_UNREACHABLE_CODE = YES;
				CLANG_WARN__DUPLICATE_METHOD_MATCH = YES;
				CODE_SIGN_IDENTITY = "iPhone Developer";
				COPY_PHASE_STRIP = NO;
				DEBUG_INFORMATION_FORMAT = dwarf;
				ENABLE_STRICT_OBJC_MSGSEND = YES;
				ENABLE_TESTABILITY = YES;
				GCC_C_LANGUAGE_STANDARD = gnu11;
				GCC_DYNAMIC_NO_PIC = NO;
				GCC_NO_COMMON_BLOCKS = YES;
				GCC_OPTIMIZATION_LEVEL = 0;
				GCC_PREPROCESSOR_DEFINITIONS = (
					"DEBUG=1",
					"$(inherited)",
				);
				GCC_WARN_64_TO_32_BIT_CONVERSION = YES;
				GCC_WARN_ABOUT_RETURN_TYPE = YES_ERROR;
				GCC_WARN_UNDECLARED_SELECTOR = YES;
				GCC_WARN_UNINITIALIZED_AUTOS = YES_AGGRESSIVE;
				GCC_WARN_UNUSED_FUNCTION = YES;
				GCC_WARN_UNUSED_VARIABLE = YES;
				IPHONEOS_DEPLOYMENT_TARGET = 11.4;
				MTL_ENABLE_DEBUG_INFO = YES;
				ONLY_ACTIVE_ARCH = YES;
				SDKROOT = iphoneos;
				SWIFT_ACTIVE_COMPILATION_CONDITIONS = DEBUG;
				SWIFT_OPTIMIZATION_LEVEL = "-Onone";
			};
			name = Debug;
		};
		24F60B5B216C99B8000644AE /* Release */ = {
			isa = XCBuildConfiguration;
			buildSettings = {
				ALWAYS_SEARCH_USER_PATHS = NO;
				CLANG_ANALYZER_NONNULL = YES;
				CLANG_ANALYZER_NUMBER_OBJECT_CONVERSION = YES_AGGRESSIVE;
				CLANG_CXX_LANGUAGE_STANDARD = "gnu++14";
				CLANG_CXX_LIBRARY = "libc++";
				CLANG_ENABLE_MODULES = YES;
				CLANG_ENABLE_OBJC_ARC = YES;
				CLANG_ENABLE_OBJC_WEAK = YES;
				CLANG_WARN_BLOCK_CAPTURE_AUTORELEASING = YES;
				CLANG_WARN_BOOL_CONVERSION = YES;
				CLANG_WARN_COMMA = YES;
				CLANG_WARN_CONSTANT_CONVERSION = YES;
				CLANG_WARN_DEPRECATED_OBJC_IMPLEMENTATIONS = YES;
				CLANG_WARN_DIRECT_OBJC_ISA_USAGE = YES_ERROR;
				CLANG_WARN_DOCUMENTATION_COMMENTS = YES;
				CLANG_WARN_EMPTY_BODY = YES;
				CLANG_WARN_ENUM_CONVERSION = YES;
				CLANG_WARN_INFINITE_RECURSION = YES;
				CLANG_WARN_INT_CONVERSION = YES;
				CLANG_WARN_NON_LITERAL_NULL_CONVERSION = YES;
				CLANG_WARN_OBJC_IMPLICIT_RETAIN_SELF = YES;
				CLANG_WARN_OBJC_LITERAL_CONVERSION = YES;
				CLANG_WARN_OBJC_ROOT_CLASS = YES_ERROR;
				CLANG_WARN_RANGE_LOOP_ANALYSIS = YES;
				CLANG_WARN_STRICT_PROTOTYPES = YES;
				CLANG_WARN_SUSPICIOUS_MOVE = YES;
				CLANG_WARN_UNGUARDED_AVAILABILITY = YES_AGGRESSIVE;
				CLANG_WARN_UNREACHABLE_CODE = YES;
				CLANG_WARN__DUPLICATE_METHOD_MATCH = YES;
				CODE_SIGN_IDENTITY = "iPhone Developer";
				COPY_PHASE_STRIP = NO;
				DEBUG_INFORMATION_FORMAT = "dwarf-with-dsym";
				ENABLE_NS_ASSERTIONS = NO;
				ENABLE_STRICT_OBJC_MSGSEND = YES;
				GCC_C_LANGUAGE_STANDARD = gnu11;
				GCC_NO_COMMON_BLOCKS = YES;
				GCC_WARN_64_TO_32_BIT_CONVERSION = YES;
				GCC_WARN_ABOUT_RETURN_TYPE = YES_ERROR;
				GCC_WARN_UNDECLARED_SELECTOR = YES;
				GCC_WARN_UNINITIALIZED_AUTOS = YES_AGGRESSIVE;
				GCC_WARN_UNUSED_FUNCTION = YES;
				GCC_WARN_UNUSED_VARIABLE = YES;
				IPHONEOS_DEPLOYMENT_TARGET = 11.4;
				MTL_ENABLE_DEBUG_INFO = NO;
				SDKROOT = iphoneos;
				SWIFT_COMPILATION_MODE = wholemodule;
				SWIFT_OPTIMIZATION_LEVEL = "-O";
				VALIDATE_PRODUCT = YES;
			};
			name = Release;
		};
		24F60B5D216C99B8000644AE /* Debug */ = {
			isa = XCBuildConfiguration;
			buildSettings = {
				ASSETCATALOG_COMPILER_APPICON_NAME = AppIcon;
				CODE_SIGN_STYLE = Automatic;
				INFOPLIST_FILE = ex00/Info.plist;
				LD_RUNPATH_SEARCH_PATHS = (
					"$(inherited)",
					"@executable_path/Frameworks",
				);
				PRODUCT_BUNDLE_IDENTIFIER = wethinkcode.ex00;
				PRODUCT_NAME = "$(TARGET_NAME)";
				SWIFT_VERSION = 4.0;
				TARGETED_DEVICE_FAMILY = "1,2";
			};
			name = Debug;
		};
		24F60B5E216C99B8000644AE /* Release */ = {
			isa = XCBuildConfiguration;
			buildSettings = {
				ASSETCATALOG_COMPILER_APPICON_NAME = AppIcon;
				CODE_SIGN_STYLE = Automatic;
				INFOPLIST_FILE = ex00/Info.plist;
				LD_RUNPATH_SEARCH_PATHS = (
					"$(inherited)",
					"@executable_path/Frameworks",
				);
				PRODUCT_BUNDLE_IDENTIFIER = wethinkcode.ex00;
				PRODUCT_NAME = "$(TARGET_NAME)";
				SWIFT_VERSION = 4.0;
				TARGETED_DEVICE_FAMILY = "1,2";
			};
			name = Release;
		};
/* End XCBuildConfiguration section */

/* Begin XCConfigurationList section */
		24F60B45216C99B6000644AE /* Build configuration list for PBXProject "ex00" */ = {
			isa = XCConfigurationList;
			buildConfigurations = (
				24F60B5A216C99B8000644AE /* Debug */,
				24F60B5B216C99B8000644AE /* Release */,
			);
			defaultConfigurationIsVisible = 0;
			defaultConfigurationName = Release;
		};
		24F60B5C216C99B8000644AE /* Build configuration list for PBXNativeTarget "ex00" */ = {
			isa = XCConfigurationList;
			buildConfigurations = (
				24F60B5D216C99B8000644AE /* Debug */,
				24F60B5E216C99B8000644AE /* Release */,
			);
			defaultConfigurationIsVisible = 0;
			defaultConfigurationName = Release;
		};
/* End XCConfigurationList section */
	};
	rootObject = 24F60B42216C99B6000644AE /* Project object */;
}
